
Microsoft Visual Studio Solution File, Format Version 12.00
# Visual Studio Version 16
VisualStudioVersion = 16.0.31025.194
MinimumVisualStudioVersion = 10.0.40219.1
Project("{9A19103F-16F7-4668-BE54-9A1E7A4F7556}") = "UpskillWebApp", "UpskillWebApp\UpskillWebApp.csproj", "{288C2C5A-DC0D-462E-9384-69A9EB2FE7BE}"
EndProject
Global
	GlobalSection(SolutionConfigurationPlatforms) = preSolution
		Debug|Any CPU = Debug|Any CPU
		Release|Any CPU = Release|Any CPU
	EndGlobalSection
	GlobalSection(ProjectConfigurationPlatforms) = postSolution
		{288C2C5A-DC0D-462E-9384-69A9EB2FE7BE}.Debug|Any CPU.ActiveCfg = Debug|Any CPU
		{288C2C5A-DC0D-462E-9384-69A9EB2FE7BE}.Debug|Any CPU.Build.0 = Debug|Any CPU
		{288C2C5A-DC0D-462E-9384-69A9EB2FE7BE}.Release|Any CPU.ActiveCfg = Release|Any CPU
		{288C2C5A-DC0D-462E-9384-69A9EB2FE7BE}.Release|Any CPU.Build.0 = Release|Any CPU
	EndGlobalSection
	GlobalSection(SolutionProperties) = preSolution
		HideSolutionNode = FALSE
	EndGlobalSection
	GlobalSection(ExtensibilityGlobals) = postSolution
		SolutionGuid = {7F4DE5F4-4B6C-4DA7-8399-E8F125B21935}
	EndGlobalSection
EndGlobal
